
Microsoft Visual Studio Solution File, Format Version 12.00
# Visual Studio Version 17
VisualStudioVersion = 17.2.32526.322
MinimumVisualStudioVersion = 10.0.40219.1
Project("{FAE04EC0-301F-11D3-BF4B-00C04F79EFBC}") = "Web API", "Web API.csproj", "{A3AB2440-6BFD-4050-AEC0-DEBDBC103796}"
EndProject
Global
	GlobalSection(SolutionConfigurationPlatforms) = preSolution
		Debug|Any CPU = Debug|Any CPU
		Release|Any CPU = Release|Any CPU
	EndGlobalSection
	GlobalSection(ProjectConfigurationPlatforms) = postSolution
		{A3AB2440-6BFD-4050-AEC0-DEBDBC103796}.Debug|Any CPU.ActiveCfg = Debug|Any CPU
		{A3AB2440-6BFD-4050-AEC0-DEBDBC103796}.Debug|Any CPU.Build.0 = Debug|Any CPU
		{A3AB2440-6BFD-4050-AEC0-DEBDBC103796}.Release|Any CPU.ActiveCfg = Release|Any CPU
		{A3AB2440-6BFD-4050-AEC0-DEBDBC103796}.Release|Any CPU.Build.0 = Release|Any CPU
	EndGlobalSection
	GlobalSection(SolutionProperties) = preSolution
		HideSolutionNode = FALSE
	EndGlobalSection
	GlobalSection(ExtensibilityGlobals) = postSolution
		SolutionGuid = {D4D2FEFF-60A0-49F5-A80C-AB90C3155922}
	EndGlobalSection
EndGlobal
